
Microsoft Visual Studio Solution File, Format Version 12.00
# Visual Studio Version 16
VisualStudioVersion = 16.0.29920.165
MinimumVisualStudioVersion = 10.0.40219.1
Project("{FAE04EC0-301F-11D3-BF4B-00C04F79EFBC}") = "InventoryProject", "InventoryProject\InventoryProject.csproj", "{A0D8CE2F-03C8-4918-8813-12449D5B3628}"
EndProject
Global
	GlobalSection(SolutionConfigurationPlatforms) = preSolution
		Debug|Any CPU = Debug|Any CPU
		Release|Any CPU = Release|Any CPU
	EndGlobalSection
	GlobalSection(ProjectConfigurationPlatforms) = postSolution
		{A0D8CE2F-03C8-4918-8813-12449D5B3628}.Debug|Any CPU.ActiveCfg = Debug|Any CPU
		{A0D8CE2F-03C8-4918-8813-12449D5B3628}.Debug|Any CPU.Build.0 = Debug|Any CPU
		{A0D8CE2F-03C8-4918-8813-12449D5B3628}.Release|Any CPU.ActiveCfg = Release|Any CPU
		{A0D8CE2F-03C8-4918-8813-12449D5B3628}.Release|Any CPU.Build.0 = Release|Any CPU
	EndGlobalSection
	GlobalSection(SolutionProperties) = preSolution
		HideSolutionNode = FALSE
	EndGlobalSection
	GlobalSection(ExtensibilityGlobals) = postSolution
		SolutionGuid = {BCF70CF1-4DB2-4F13-A49A-B1B957D62B71}
	EndGlobalSection
EndGlobal
